
Microsoft Visual Studio Solution File, Format Version 12.00
# Visual Studio Version 17
VisualStudioVersion = 17.14.36327.8 d17.14
MinimumVisualStudioVersion = 10.0.40219.1
Project("{FAE04EC0-301F-11D3-BF4B-00C04F79EFBC}") = "csharp3", "csharp3\csharp3.csproj", "{616660BC-653D-46EE-B421-64C0FD20E1CE}"
EndProject
Global
	GlobalSection(SolutionConfigurationPlatforms) = preSolution
		Debug|Any CPU = Debug|Any CPU
		Release|Any CPU = Release|Any CPU
	EndGlobalSection
	GlobalSection(ProjectConfigurationPlatforms) = postSolution
		{616660BC-653D-46EE-B421-64C0FD20E1CE}.Debug|Any CPU.ActiveCfg = Debug|Any CPU
		{616660BC-653D-46EE-B421-64C0FD20E1CE}.Debug|Any CPU.Build.0 = Debug|Any CPU
		{616660BC-653D-46EE-B421-64C0FD20E1CE}.Release|Any CPU.ActiveCfg = Release|Any CPU
		{616660BC-653D-46EE-B421-64C0FD20E1CE}.Release|Any CPU.Build.0 = Release|Any CPU
	EndGlobalSection
	GlobalSection(SolutionProperties) = preSolution
		HideSolutionNode = FALSE
	EndGlobalSection
	GlobalSection(ExtensibilityGlobals) = postSolution
		SolutionGuid = {558E96FD-E7F9-4D7F-8AF4-D8E946F2766C}
	EndGlobalSection
EndGlobal
