
Microsoft Visual Studio Solution File, Format Version 12.00
# Visual Studio Version 17
VisualStudioVersion = 17.14.36327.8 d17.14
MinimumVisualStudioVersion = 10.0.40219.1
Project("{FAE04EC0-301F-11D3-BF4B-00C04F79EFBC}") = "csharp4", "csharp4\csharp4.csproj", "{CDCC2176-66DA-4CC0-BCF5-011BFAC3D1CE}"
EndProject
Global
	GlobalSection(SolutionConfigurationPlatforms) = preSolution
		Debug|Any CPU = Debug|Any CPU
		Release|Any CPU = Release|Any CPU
	EndGlobalSection
	GlobalSection(ProjectConfigurationPlatforms) = postSolution
		{CDCC2176-66DA-4CC0-BCF5-011BFAC3D1CE}.Debug|Any CPU.ActiveCfg = Debug|Any CPU
		{CDCC2176-66DA-4CC0-BCF5-011BFAC3D1CE}.Debug|Any CPU.Build.0 = Debug|Any CPU
		{CDCC2176-66DA-4CC0-BCF5-011BFAC3D1CE}.Release|Any CPU.ActiveCfg = Release|Any CPU
		{CDCC2176-66DA-4CC0-BCF5-011BFAC3D1CE}.Release|Any CPU.Build.0 = Release|Any CPU
	EndGlobalSection
	GlobalSection(SolutionProperties) = preSolution
		HideSolutionNode = FALSE
	EndGlobalSection
	GlobalSection(ExtensibilityGlobals) = postSolution
		SolutionGuid = {D7F7CE42-324B-4574-9DA3-DD65D1142880}
	EndGlobalSection
EndGlobal
